
Microsoft Visual Studio Solution File, Format Version 12.00
# Visual Studio Version 17
VisualStudioVersion = 17.6.33815.320
MinimumVisualStudioVersion = 10.0.40219.1
Project("{8BC9CEB8-8B4A-11D0-8D11-00A0C91BC942}") = "MFCApp1", "MFCApp1\MFCApp1.vcxproj", "{09C2F02F-FFA7-4D2C-8F88-625AA502E85E}"
EndProject
Global
	GlobalSection(SolutionConfigurationPlatforms) = preSolution
		Debug|x64 = Debug|x64
		Debug|x86 = Debug|x86
		Release|x64 = Release|x64
		Release|x86 = Release|x86
	EndGlobalSection
	GlobalSection(ProjectConfigurationPlatforms) = postSolution
		{09C2F02F-FFA7-4D2C-8F88-625AA502E85E}.Debug|x64.ActiveCfg = Debug|x64
		{09C2F02F-FFA7-4D2C-8F88-625AA502E85E}.Debug|x64.Build.0 = Debug|x64
		{09C2F02F-FFA7-4D2C-8F88-625AA502E85E}.Debug|x86.ActiveCfg = Debug|Win32
		{09C2F02F-FFA7-4D2C-8F88-625AA502E85E}.Debug|x86.Build.0 = Debug|Win32
		{09C2F02F-FFA7-4D2C-8F88-625AA502E85E}.Release|x64.ActiveCfg = Release|x64
		{09C2F02F-FFA7-4D2C-8F88-625AA502E85E}.Release|x64.Build.0 = Release|x64
		{09C2F02F-FFA7-4D2C-8F88-625AA502E85E}.Release|x86.ActiveCfg = Release|Win32
		{09C2F02F-FFA7-4D2C-8F88-625AA502E85E}.Release|x86.Build.0 = Release|Win32
	EndGlobalSection
	GlobalSection(SolutionProperties) = preSolution
		HideSolutionNode = FALSE
	EndGlobalSection
	GlobalSection(ExtensibilityGlobals) = postSolution
		SolutionGuid = {9475FEA2-4E03-498B-BD5C-730BC102DD0A}
	EndGlobalSection
EndGlobal
